
Microsoft Visual Studio Solution File, Format Version 12.00
# Visual Studio 15
VisualStudioVersion = 15.0.28010.2036
MinimumVisualStudioVersion = 10.0.40219.1
Project("{8BC9CEB8-8B4A-11D0-8D11-00A0C91BC942}") = "5.34", "5.34\5.34.vcxproj", "{FD10BD29-5EBC-4E58-A940-27630612E621}"
EndProject
Global
	GlobalSection(SolutionConfigurationPlatforms) = preSolution
		Debug|x64 = Debug|x64
		Debug|x86 = Debug|x86
		Release|x64 = Release|x64
		Release|x86 = Release|x86
	EndGlobalSection
	GlobalSection(ProjectConfigurationPlatforms) = postSolution
		{FD10BD29-5EBC-4E58-A940-27630612E621}.Debug|x64.ActiveCfg = Debug|x64
		{FD10BD29-5EBC-4E58-A940-27630612E621}.Debug|x64.Build.0 = Debug|x64
		{FD10BD29-5EBC-4E58-A940-27630612E621}.Debug|x86.ActiveCfg = Debug|Win32
		{FD10BD29-5EBC-4E58-A940-27630612E621}.Debug|x86.Build.0 = Debug|Win32
		{FD10BD29-5EBC-4E58-A940-27630612E621}.Release|x64.ActiveCfg = Release|x64
		{FD10BD29-5EBC-4E58-A940-27630612E621}.Release|x64.Build.0 = Release|x64
		{FD10BD29-5EBC-4E58-A940-27630612E621}.Release|x86.ActiveCfg = Release|Win32
		{FD10BD29-5EBC-4E58-A940-27630612E621}.Release|x86.Build.0 = Release|Win32
	EndGlobalSection
	GlobalSection(SolutionProperties) = preSolution
		HideSolutionNode = FALSE
	EndGlobalSection
	GlobalSection(ExtensibilityGlobals) = postSolution
		SolutionGuid = {0039894C-11C8-4C58-9942-6B3AA2F6B8F5}
	EndGlobalSection
EndGlobal
